// !$*UTF8*$!
{
	archiveVersion = 1;
	classes = {
	};
	objectVersion = 48;
	objects = {

/* Begin PBXBuildFile section */
		3F5A4B4B20212BCC00DB517F /* AppDelegate.swift in Sources */ = {isa = PBXBuildFile; fileRef = 3F5A4B4A20212BCC00DB517F /* AppDelegate.swift */; };
		3F5A4B4D20212BCC00DB517F /* ViewController.swift in Sources */ = {isa = PBXBuildFile; fileRef = 3F5A4B4C20212BCC00DB517F /* ViewController.swift */; };
		3F5A4B5020212BCC00DB517F /* Main.storyboard in Resources */ = {isa = PBXBuildFile; fileRef = 3F5A4B4E20212BCC00DB517F /* Main.storyboard */; };
		3F5A4B5220212BCC00DB517F /* Assets.xcassets in Resources */ = {isa = PBXBuildFile; fileRef = 3F5A4B5120212BCC00DB517F /* Assets.xcassets */; };
		3F5A4B5520212BCC00DB517F /* LaunchScreen.storyboard in Resources */ = {isa = PBXBuildFile; fileRef = 3F5A4B5320212BCC00DB517F /* LaunchScreen.storyboard */; };
/* End PBXBuildFile section */

/* Begin PBXFileReference section */
		3F5A4B4720212BCC00DB517F /* Magnetic Poetry.app */ = {isa = PBXFileReference; explicitFileType = wrapper.application; includeInIndex = 0; path = "Magnetic Poetry.app"; sourceTree = BUILT_PRODUCTS_DIR; };
		3F5A4B4A20212BCC00DB517F /* AppDelegate.swift */ = {isa = PBXFileReference; lastKnownFileType = sourcecode.swift; path = AppDelegate.swift; sourceTree = "<group>"; };
		3F5A4B4C20212BCC00DB517F /* ViewController.swift */ = {isa = PBXFileReference; lastKnownFileType = sourcecode.swift; path = ViewController.swift; sourceTree = "<group>"; };
		3F5A4B4F20212BCC00DB517F /* Base */ = {isa = PBXFileReference; lastKnownFileType = file.storyboard; name = Base; path = Base.lproj/Main.storyboard; sourceTree = "<group>"; };
		3F5A4B5120212BCC00DB517F /* Assets.xcassets */ = {isa = PBXFileReference; lastKnownFileType = folder.assetcatalog; path = Assets.xcassets; sourceTree = "<group>"; };
		3F5A4B5420212BCC00DB517F /* Base */ = {isa = PBXFileReference; lastKnownFileType = file.storyboard; name = Base; path = Base.lproj/LaunchScreen.storyboard; sourceTree = "<group>"; };
		3F5A4B5620212BCC00DB517F /* Info.plist */ = {isa = PBXFileReference; lastKnownFileType = text.plist.xml; path = Info.plist; sourceTree = "<group>"; };
/* End PBXFileReference section */

/* Begin PBXFrameworksBuildPhase section */
		3F5A4B4420212BCC00DB517F /* Frameworks */ = {
			isa = PBXFrameworksBuildPhase;
			buildActionMask = 2147483647;
			files = (
			);
			runOnlyForDeploymentPostprocessing = 0;
		};
/* End PBXFrameworksBuildPhase section */

/* Begin PBXGroup section */
		3F5A4B3E20212BCC00DB517F = {
			isa = PBXGroup;
			children = (
				3F5A4B4920212BCC00DB517F /* Magnetic Poetry */,
				3F5A4B4820212BCC00DB517F /* Products */,
			);
			sourceTree = "<group>";
		};
		3F5A4B4820212BCC00DB517F /* Products */ = {
			isa = PBXGroup;
			children = (
				3F5A4B4720212BCC00DB517F /* Magnetic Poetry.app */,
			);
			name = Products;
			sourceTree = "<group>";
		};
		3F5A4B4920212BCC00DB517F /* Magnetic Poetry */ = {
			isa = PBXGroup;
			children = (
				3F5A4B4A20212BCC00DB517F /* AppDelegate.swift */,
				3F5A4B4C20212BCC00DB517F /* ViewController.swift */,
				3F5A4B4E20212BCC00DB517F /* Main.storyboard */,
				3F5A4B5120212BCC00DB517F /* Assets.xcassets */,
				3F5A4B5320212BCC00DB517F /* LaunchScreen.storyboard */,
				3F5A4B5620212BCC00DB517F /* Info.plist */,
			);
			path = "Magnetic Poetry";
			sourceTree = "<group>";
		};
/* End PBXGroup section */

/* Begin PBXNativeTarget section */
		3F5A4B4620212BCC00DB517F /* Magnetic Poetry */ = {
			isa = PBXNativeTarget;
			buildConfigurationList = 3F5A4B5920212BCC00DB517F /* Build configuration list for PBXNativeTarget "Magnetic Poetry" */;
			buildPhases = (
				3F5A4B4320212BCC00DB517F /* Sources */,
				3F5A4B4420212BCC00DB517F /* Frameworks */,
				3F5A4B4520212BCC00DB517F /* Resources */,
			);
			buildRules = (
			);
			dependencies = (
			);
			name = "Magnetic Poetry";
			productName = "Magnetic Poetry";
			productReference = 3F5A4B4720212BCC00DB517F /* Magnetic Poetry.app */;
			productType = "com.apple.product-type.application";
		};
/* End PBXNativeTarget section */

/* Begin PBXProject section */
		3F5A4B3F20212BCC00DB517F /* Project object */ = {
			isa = PBXProject;
			attributes = {
				LastSwiftUpdateCheck = 0920;
				LastUpgradeCheck = 0920;
				ORGANIZATIONNAME = "Irvin Do";
				TargetAttributes = {
					3F5A4B4620212BCC00DB517F = {
						CreatedOnToolsVersion = 9.2;
						ProvisioningStyle = Automatic;
					};
				};
			};
			buildConfigurationList = 3F5A4B4220212BCC00DB517F /* Build configuration list for PBXProject "Magnetic Poetry" */;
			compatibilityVersion = "Xcode 8.0";
			developmentRegion = en;
			hasScannedForEncodings = 0;
			knownRegions = (
				en,
				Base,
			);
			mainGroup = 3F5A4B3E20212BCC00DB517F;
			productRefGroup = 3F5A4B4820212BCC00DB517F /* Products */;
			projectDirPath = "";
			projectRoot = "";
			targets = (
				3F5A4B4620212BCC00DB517F /* Magnetic Poetry */,
			);
		};
/* End PBXProject section */

/* Begin PBXResourcesBuildPhase section */
		3F5A4B4520212BCC00DB517F /* Resources */ = {
			isa = PBXResourcesBuildPhase;
			buildActionMask = 2147483647;
			files = (
				3F5A4B5520212BCC00DB517F /* LaunchScreen.storyboard in Resources */,
				3F5A4B5220212BCC00DB517F /* Assets.xcassets in Resources */,
				3F5A4B5020212BCC00DB517F /* Main.storyboard in Resources */,
			);
			runOnlyForDeploymentPostprocessing = 0;
		};
/* End PBXResourcesBuildPhase section */

/* Begin PBXSourcesBuildPhase section */
		3F5A4B4320212BCC00DB517F /* Sources */ = {
			isa = PBXSourcesBuildPhase;
			buildActionMask = 2147483647;
			files = (
				3F5A4B4D20212BCC00DB517F /* ViewController.swift in Sources */,
				3F5A4B4B20212BCC00DB517F /* AppDelegate.swift in Sources */,
			);
			runOnlyForDeploymentPostprocessing = 0;
		};
/* End PBXSourcesBuildPhase section */

/* Begin PBXVariantGroup section */
		3F5A4B4E20212BCC00DB517F /* Main.storyboard */ = {
			isa = PBXVariantGroup;
			children = (
				3F5A4B4F20212BCC00DB517F /* Base */,
			);
			name = Main.storyboard;
			sourceTree = "<group>";
		};
		3F5A4B5320212BCC00DB517F /* LaunchScreen.storyboard */ = {
			isa = PBXVariantGroup;
			children = (
				3F5A4B5420212BCC00DB517F /* Base */,
			);
			name = LaunchScreen.storyboard;
			sourceTree = "<group>";
		};
/* End PBXVariantGroup section */

/* Begin XCBuildConfiguration section */
		3F5A4B5720212BCC00DB517F /* Debug */ = {
			isa = XCBuildConfiguration;
			buildSettings = {
				ALWAYS_SEARCH_USER_PATHS = NO;
				CLANG_ANALYZER_NONNULL = YES;
				CLANG_ANALYZER_NUMBER_OBJECT_CONVERSION = YES_AGGRESSIVE;
				CLANG_CXX_LANGUAGE_STANDARD = "gnu++14";
				CLANG_CXX_LIBRARY = "libc++";
				CLANG_ENABLE_MODULES = YES;
				CLANG_ENABLE_OBJC_ARC = YES;
				CLANG_WARN_BLOCK_CAPTURE_AUTORELEASING = YES;
				CLANG_WARN_BOOL_CONVERSION = YES;
				CLANG_WARN_COMMA = YES;
				CLANG_WARN_CONSTANT_CONVERSION = YES;
				CLANG_WARN_DIRECT_OBJC_ISA_USAGE = YES_ERROR;
				CLANG_WARN_DOCUMENTATION_COMMENTS = YES;
				CLANG_WARN_EMPTY_BODY = YES;
				CLANG_WARN_ENUM_CONVERSION = YES;
				CLANG_WARN_INFINITE_RECURSION = YES;
				CLANG_WARN_INT_CONVERSION = YES;
				CLANG_WARN_NON_LITERAL_NULL_CONVERSION = YES;
				CLANG_WARN_OBJC_LITERAL_CONVERSION = YES;
				CLANG_WARN_OBJC_ROOT_CLASS = YES_ERROR;
				CLANG_WARN_RANGE_LOOP_ANALYSIS = YES;
				CLANG_WARN_STRICT_PROTOTYPES = YES;
				CLANG_WARN_SUSPICIOUS_MOVE = YES;
				CLANG_WARN_UNGUARDED_AVAILABILITY = YES_AGGRESSIVE;
				CLANG_WARN_UNREACHABLE_CODE = YES;
				CLANG_WARN__DUPLICATE_METHOD_MATCH = YES;
				CODE_SIGN_IDENTITY = "iPhone Developer";
				COPY_PHASE_STRIP = NO;
				DEBUG_INFORMATION_FORMAT = dwarf;
				ENABLE_STRICT_OBJC_MSGSEND = YES;
				ENABLE_TESTABILITY = YES;
				GCC_C_LANGUAGE_STANDARD = gnu11;
				GCC_DYNAMIC_NO_PIC = NO;
				GCC_NO_COMMON_BLOCKS = YES;
				GCC_OPTIMIZATION_LEVEL = 0;
				GCC_PREPROCESSOR_DEFINITIONS = (
					"DEBUG=1",
					"$(inherited)",
				);
				GCC_WARN_64_TO_32_BIT_CONVERSION = YES;
				GCC_WARN_ABOUT_RETURN_TYPE = YES_ERROR;
				GCC_WARN_UNDECLARED_SELECTOR = YES;
				GCC_WARN_UNINITIALIZED_AUTOS = YES_AGGRESSIVE;
				GCC_WARN_UNUSED_FUNCTION = YES;
				GCC_WARN_UNUSED_VARIABLE = YES;
				IPHONEOS_DEPLOYMENT_TARGET = 11.2;
				MTL_ENABLE_DEBUG_INFO = YES;
				ONLY_ACTIVE_ARCH = YES;
				SDKROOT = iphoneos;
				SWIFT_ACTIVE_COMPILATION_CONDITIONS = DEBUG;
				SWIFT_OPTIMIZATION_LEVEL = "-Onone";
			};
			name = Debug;
		};
		3F5A4B5820212BCC00DB517F /* Release */ = {
			isa = XCBuildConfiguration;
			buildSettings = {
				ALWAYS_SEARCH_USER_PATHS = NO;
				CLANG_ANALYZER_NONNULL = YES;
				CLANG_ANALYZER_NUMBER_OBJECT_CONVERSION = YES_AGGRESSIVE;
				CLANG_CXX_LANGUAGE_STANDARD = "gnu++14";
				CLANG_CXX_LIBRARY = "libc++";
				CLANG_ENABLE_MODULES = YES;
				CLANG_ENABLE_OBJC_ARC = YES;
				CLANG_WARN_BLOCK_CAPTURE_AUTORELEASING = YES;
				CLANG_WARN_BOOL_CONVERSION = YES;
				CLANG_WARN_COMMA = YES;
				CLANG_WARN_CONSTANT_CONVERSION = YES;
				CLANG_WARN_DIRECT_OBJC_ISA_USAGE = YES_ERROR;
				CLANG_WARN_DOCUMENTATION_COMMENTS = YES;
				CLANG_WARN_EMPTY_BODY = YES;
				CLANG_WARN_ENUM_CONVERSION = YES;
				CLANG_WARN_INFINITE_RECURSION = YES;
				CLANG_WARN_INT_CONVERSION = YES;
				CLANG_WARN_NON_LITERAL_NULL_CONVERSION = YES;
				CLANG_WARN_OBJC_LITERAL_CONVERSION = YES;
				CLANG_WARN_OBJC_ROOT_CLASS = YES_ERROR;
				CLANG_WARN_RANGE_LOOP_ANALYSIS = YES;
				CLANG_WARN_STRICT_PROTOTYPES = YES;
				CLANG_WARN_SUSPICIOUS_MOVE = YES;
				CLANG_WARN_UNGUARDED_AVAILABILITY = YES_AGGRESSIVE;
				CLANG_WARN_UNREACHABLE_CODE = YES;
				CLANG_WARN__DUPLICATE_METHOD_MATCH = YES;
				CODE_SIGN_IDENTITY = "iPhone Developer";
				COPY_PHASE_STRIP = NO;
				DEBUG_INFORMATION_FORMAT = "dwarf-with-dsym";
				ENABLE_NS_ASSERTIONS = NO;
				ENABLE_STRICT_OBJC_MSGSEND = YES;
				GCC_C_LANGUAGE_STANDARD = gnu11;
				GCC_NO_COMMON_BLOCKS = YES;
				GCC_WARN_64_TO_32_BIT_CONVERSION = YES;
				GCC_WARN_ABOUT_RETURN_TYPE = YES_ERROR;
				GCC_WARN_UNDECLARED_SELECTOR = YES;
				GCC_WARN_UNINITIALIZED_AUTOS = YES_AGGRESSIVE;
				GCC_WARN_UNUSED_FUNCTION = YES;
				GCC_WARN_UNUSED_VARIABLE = YES;
				IPHONEOS_DEPLOYMENT_TARGET = 11.2;
				MTL_ENABLE_DEBUG_INFO = NO;
				SDKROOT = iphoneos;
				SWIFT_OPTIMIZATION_LEVEL = "-Owholemodule";
				VALIDATE_PRODUCT = YES;
			};
			name = Release;
		};
		3F5A4B5A20212BCC00DB517F /* Debug */ = {
			isa = XCBuildConfiguration;
			buildSettings = {
				ASSETCATALOG_COMPILER_APPICON_NAME = AppIcon;
				CODE_SIGN_STYLE = Automatic;
				DEVELOPMENT_TEAM = 9DMTK5GKBY;
				INFOPLIST_FILE = "Magnetic Poetry/Info.plist";
				LD_RUNPATH_SEARCH_PATHS = "$(inherited) @executable_path/Frameworks";
				PRODUCT_BUNDLE_IDENTIFIER = "com.IrvinDo.Poetic-Fridges";
				PRODUCT_NAME = "$(TARGET_NAME)";
				SWIFT_VERSION = 4.0;
				TARGETED_DEVICE_FAMILY = "1,2";
			};
			name = Debug;
		};
		3F5A4B5B20212BCC00DB517F /* Release */ = {
			isa = XCBuildConfiguration;
			buildSettings = {
				ASSETCATALOG_COMPILER_APPICON_NAME = AppIcon;
				CODE_SIGN_STYLE = Automatic;
				DEVELOPMENT_TEAM = 9DMTK5GKBY;
				INFOPLIST_FILE = "Magnetic Poetry/Info.plist";
				LD_RUNPATH_SEARCH_PATHS = "$(inherited) @executable_path/Frameworks";
				PRODUCT_BUNDLE_IDENTIFIER = "com.IrvinDo.Poetic-Fridges";
				PRODUCT_NAME = "$(TARGET_NAME)";
				SWIFT_VERSION = 4.0;
				TARGETED_DEVICE_FAMILY = "1,2";
			};
			name = Release;
		};
/* End XCBuildConfiguration section */

/* Begin XCConfigurationList section */
		3F5A4B4220212BCC00DB517F /* Build configuration list for PBXProject "Magnetic Poetry" */ = {
			isa = XCConfigurationList;
			buildConfigurations = (
				3F5A4B5720212BCC00DB517F /* Debug */,
				3F5A4B5820212BCC00DB517F /* Release */,
			);
			defaultConfigurationIsVisible = 0;
			defaultConfigurationName = Release;
		};
		3F5A4B5920212BCC00DB517F /* Build configuration list for PBXNativeTarget "Magnetic Poetry" */ = {
			isa = XCConfigurationList;
			buildConfigurations = (
				3F5A4B5A20212BCC00DB517F /* Debug */,
				3F5A4B5B20212BCC00DB517F /* Release */,
			);
			defaultConfigurationIsVisible = 0;
			defaultConfigurationName = Release;
		};
/* End XCConfigurationList section */
	};
	rootObject = 3F5A4B3F20212BCC00DB517F /* Project object */;
}
